
Microsoft Visual Studio Solution File, Format Version 12.00
# Visual Studio Version 16
VisualStudioVersion = 16.0.29123.88
MinimumVisualStudioVersion = 10.0.40219.1
Project("{9A19103F-16F7-4668-BE54-9A1E7A4F7556}") = "Entities", "Entities\Entities.csproj", "{6047B52F-5314-4D64-BED4-2AC399539DA7}"
EndProject
Project("{9A19103F-16F7-4668-BE54-9A1E7A4F7556}") = "DAL", "DAL\DAL.csproj", "{C1BA3E87-7F59-4080-90DE-BABD1D3F5C0D}"
	ProjectSection(ProjectDependencies) = postProject
		{6047B52F-5314-4D64-BED4-2AC399539DA7} = {6047B52F-5314-4D64-BED4-2AC399539DA7}
	EndProjectSection
EndProject
Project("{9A19103F-16F7-4668-BE54-9A1E7A4F7556}") = "Presentation", "Presentation\Presentation.csproj", "{0D8A1343-3AF8-46EB-AB31-B78F24592CB8}"
	ProjectSection(ProjectDependencies) = postProject
		{6047B52F-5314-4D64-BED4-2AC399539DA7} = {6047B52F-5314-4D64-BED4-2AC399539DA7}
		{D7280D3B-5AE8-410A-BEF4-FD276B99BE3E} = {D7280D3B-5AE8-410A-BEF4-FD276B99BE3E}
	EndProjectSection
EndProject
Project("{9A19103F-16F7-4668-BE54-9A1E7A4F7556}") = "BLL", "BLL\BLL.csproj", "{D7280D3B-5AE8-410A-BEF4-FD276B99BE3E}"
	ProjectSection(ProjectDependencies) = postProject
		{6047B52F-5314-4D64-BED4-2AC399539DA7} = {6047B52F-5314-4D64-BED4-2AC399539DA7}
		{C1BA3E87-7F59-4080-90DE-BABD1D3F5C0D} = {C1BA3E87-7F59-4080-90DE-BABD1D3F5C0D}
	EndProjectSection
EndProject
Project("{FAE04EC0-301F-11D3-BF4B-00C04F79EFBC}") = "BLLTests", "BLLTests\BLLTests.csproj", "{E5FD008A-AA99-4D2A-AB49-9A243DD7D873}"
EndProject
Global
	GlobalSection(SolutionConfigurationPlatforms) = preSolution
		Debug|Any CPU = Debug|Any CPU
		Release|Any CPU = Release|Any CPU
	EndGlobalSection
	GlobalSection(ProjectConfigurationPlatforms) = postSolution
		{6047B52F-5314-4D64-BED4-2AC399539DA7}.Debug|Any CPU.ActiveCfg = Debug|Any CPU
		{6047B52F-5314-4D64-BED4-2AC399539DA7}.Debug|Any CPU.Build.0 = Debug|Any CPU
		{6047B52F-5314-4D64-BED4-2AC399539DA7}.Release|Any CPU.ActiveCfg = Release|Any CPU
		{6047B52F-5314-4D64-BED4-2AC399539DA7}.Release|Any CPU.Build.0 = Release|Any CPU
		{C1BA3E87-7F59-4080-90DE-BABD1D3F5C0D}.Debug|Any CPU.ActiveCfg = Debug|Any CPU
		{C1BA3E87-7F59-4080-90DE-BABD1D3F5C0D}.Debug|Any CPU.Build.0 = Debug|Any CPU
		{C1BA3E87-7F59-4080-90DE-BABD1D3F5C0D}.Release|Any CPU.ActiveCfg = Release|Any CPU
		{C1BA3E87-7F59-4080-90DE-BABD1D3F5C0D}.Release|Any CPU.Build.0 = Release|Any CPU
		{0D8A1343-3AF8-46EB-AB31-B78F24592CB8}.Debug|Any CPU.ActiveCfg = Debug|Any CPU
		{0D8A1343-3AF8-46EB-AB31-B78F24592CB8}.Debug|Any CPU.Build.0 = Debug|Any CPU
		{0D8A1343-3AF8-46EB-AB31-B78F24592CB8}.Release|Any CPU.ActiveCfg = Release|Any CPU
		{0D8A1343-3AF8-46EB-AB31-B78F24592CB8}.Release|Any CPU.Build.0 = Release|Any CPU
		{D7280D3B-5AE8-410A-BEF4-FD276B99BE3E}.Debug|Any CPU.ActiveCfg = Debug|Any CPU
		{D7280D3B-5AE8-410A-BEF4-FD276B99BE3E}.Debug|Any CPU.Build.0 = Debug|Any CPU
		{D7280D3B-5AE8-410A-BEF4-FD276B99BE3E}.Release|Any CPU.ActiveCfg = Release|Any CPU
		{D7280D3B-5AE8-410A-BEF4-FD276B99BE3E}.Release|Any CPU.Build.0 = Release|Any CPU
		{E5FD008A-AA99-4D2A-AB49-9A243DD7D873}.Debug|Any CPU.ActiveCfg = Debug|Any CPU
		{E5FD008A-AA99-4D2A-AB49-9A243DD7D873}.Debug|Any CPU.Build.0 = Debug|Any CPU
		{E5FD008A-AA99-4D2A-AB49-9A243DD7D873}.Release|Any CPU.ActiveCfg = Release|Any CPU
		{E5FD008A-AA99-4D2A-AB49-9A243DD7D873}.Release|Any CPU.Build.0 = Release|Any CPU
	EndGlobalSection
	GlobalSection(SolutionProperties) = preSolution
		HideSolutionNode = FALSE
	EndGlobalSection
	GlobalSection(ExtensibilityGlobals) = postSolution
		SolutionGuid = {526A3EEB-5C9F-4C70-B5AF-C49CBAF8881D}
	EndGlobalSection
EndGlobal
